Microsoft Visual Studio Solution File, Format Version 12.00
# Visual Studio Version 17
VisualStudioVersion = 17.0.31314.256
MinimumVisualStudioVersion = 10.0.40219.1
Project("{FAE04EC0-301F-11D3-BF4B-00C04F79EFBC}") = "AutomationTool", "C:\Program Files\Epic Games\UE_5.8\Engine\Source\Programs\AutomationTool\AutomationTool.csproj", "{141DF7C9-3F2F-34E6-A9B2-10FA1E08F90A}"
EndProject
Project("{FAE04EC0-301F-11D3-BF4B-00C04F79EFBC}") = "VisionOS.Automation", "C:\Program Files\Epic Games\UE_5.8\Engine\Platforms\VisionOS\Source\Programs\AutomationTool\VisionOS.Automation.csproj", "{EF16B52A-B849-30BA-8822-6227C4DA1C88}"
EndProject
Project("{FAE04EC0-301F-11D3-BF4B-00C04F79EFBC}") = "Android.Automation", "C:\Program Files\Epic Games\UE_5.8\Engine\Source\Programs\AutomationTool\Android\Android.Automation.csproj", "{6B486080-207F-351C-9E59-D687A4E1D8F5}"
EndProject
Project("{FAE04EC0-301F-11D3-BF4B-00C04F79EFBC}") = "Apple.Automation", "C:\Program Files\Epic Games\UE_5.8\Engine\Source\Programs\AutomationTool\Apple\Apple.Automation.csproj", "{81F22095-25B3-3DCC-9A1A-B68BA5A94C82}"
EndProject
Project("{FAE04EC0-301F-11D3-BF4B-00C04F79EFBC}") = "AutomationUtils.Automation", "C:\Program Files\Epic Games\UE_5.8\Engine\Source\Programs\AutomationTool\AutomationUtils\AutomationUtils.Automation.csproj", "{CC60C319-838D-3A76-BC4B-753EFA279944}"
EndProject
Project("{FAE04EC0-301F-11D3-BF4B-00C04F79EFBC}") = "BuildGraph.Automation", "C:\Program Files\Epic Games\UE_5.8\Engine\Source\Programs\AutomationTool\BuildGraph\BuildGraph.Automation.csproj", "{25ACD816-3711-3A86-9FC4-822BD1907CC4}"
EndProject
Project("{FAE04EC0-301F-11D3-BF4B-00C04F79EFBC}") = "CookedEditor.Automation", "C:\Program Files\Epic Games\UE_5.8\Engine\Source\Programs\AutomationTool\CookedEditor\CookedEditor.Automation.csproj", "{AB8F7B82-D9DC-3757-B569-2F42EA615CA3}"
EndProject
Project("{FAE04EC0-301F-11D3-BF4B-00C04F79EFBC}") = "CrowdinLocalization.Automation", "C:\Program Files\Epic Games\UE_5.8\Engine\Source\Programs\AutomationTool\CrowdinLocalization\CrowdinLocalization.Automation.csproj", "{937D0669-966A-32BA-8FD8-AB3BF763507E}"
EndProject
Project("{FAE04EC0-301F-11D3-BF4B-00C04F79EFBC}") = "Gauntlet.Automation", "C:\Program Files\Epic Games\UE_5.8\Engine\Source\Programs\AutomationTool\Gauntlet\Gauntlet.Automation.csproj", "{B5CBBE5A-752C-36FD-AEDF-9A103151E875}"
EndProject
Project("{FAE04EC0-301F-11D3-BF4B-00C04F79EFBC}") = "Insights.Automation", "C:\Program Files\Epic Games\UE_5.8\Engine\Source\Programs\AutomationTool\Insights\Insights.Automation.csproj", "{80229732-2CAB-3C88-B482-8CAF7B51C86A}"
EndProject
Project("{FAE04EC0-301F-11D3-BF4B-00C04F79EFBC}") = "IOS.Automation", "C:\Program Files\Epic Games\UE_5.8\Engine\Source\Programs\AutomationTool\IOS\IOS.Automation.csproj", "{B0A44374-7D5D-321F-919D-98A549FD4C41}"
EndProject
Project("{FAE04EC0-301F-11D3-BF4B-00C04F79EFBC}") = "Linux.Automation", "C:\Program Files\Epic Games\UE_5.8\Engine\Source\Programs\AutomationTool\Linux\Linux.Automation.csproj", "{38399FC0-628B-37E4-977A-342ADCEFA80F}"
EndProject
Project("{FAE04EC0-301F-11D3-BF4B-00C04F79EFBC}") = "LiveLinkHub.Automation", "C:\Program Files\Epic Games\UE_5.8\Engine\Source\Programs\AutomationTool\LiveLinkHub\LiveLinkHub.Automation.csproj", "{10098A12-E89B-3ED0-8D39-E69E92682C6F}"
EndProject
Project("{FAE04EC0-301F-11D3-BF4B-00C04F79EFBC}") = "Localization.Automation", "C:\Program Files\Epic Games\UE_5.8\Engine\Source\Programs\AutomationTool\Localization\Localization.Automation.csproj", "{BEE7A10B-E90F-3525-B368-0B67E80C1FAB}"
EndProject
Project("{FAE04EC0-301F-11D3-BF4B-00C04F79EFBC}") = "LowLevelTests.Automation", "C:\Program Files\Epic Games\UE_5.8\Engine\Source\Programs\AutomationTool\LowLevelTests\LowLevelTests.Automation.csproj", "{1894F2D1-CCFA-3A25-9400-031C2E4811A7}"
EndProject
Project("{FAE04EC0-301F-11D3-BF4B-00C04F79EFBC}") = "Mac.Automation", "C:\Program Files\Epic Games\UE_5.8\Engine\Source\Programs\AutomationTool\Mac\Mac.Automation.csproj", "{B44780DF-8157-3DD8-8762-6CEAE6B7AA2E}"
EndProject
Project("{FAE04EC0-301F-11D3-BF4B-00C04F79EFBC}") = "Microsoft.Automation", "C:\Program Files\Epic Games\UE_5.8\Engine\Source\Programs\AutomationTool\Microsoft\Microsoft.Automation.csproj", "{A1FBDA7E-7C24-3B0D-A105-B4F977BD8922}"
EndProject
Project("{FAE04EC0-301F-11D3-BF4B-00C04F79EFBC}") = "Mutable.Automation", "C:\Program Files\Epic Games\UE_5.8\Engine\Source\Programs\AutomationTool\Mutable\Mutable.Automation.csproj", "{4E6CD3C1-1F46-36D1-9C85-1F9E0CF92203}"
EndProject
Project("{FAE04EC0-301F-11D3-BF4B-00C04F79EFBC}") = "OneSkyLocalization.Automation", "C:\Program Files\Epic Games\UE_5.8\Engine\Source\Programs\AutomationTool\OneSkyLocalization\OneSkyLocalization.Automation.csproj", "{6CB3822D-C90F-3F4A-8CF2-45ADDD38F3B1}"
EndProject
Project("{FAE04EC0-301F-11D3-BF4B-00C04F79EFBC}") = "AutomationScripts.Automation", "C:\Program Files\Epic Games\UE_5.8\Engine\Source\Programs\AutomationTool\Scripts\AutomationScripts.Automation.csproj", "{0A14977E-2FF8-36D8-973D-4591EDA16366}"
EndProject
Project("{FAE04EC0-301F-11D3-BF4B-00C04F79EFBC}") = "SmartlingLocalization.Automation", "C:\Program Files\Epic Games\UE_5.8\Engine\Source\Programs\AutomationTool\SmartlingLocalization\SmartlingLocalization.Automation.csproj", "{428CD44D-E54F-370B-8C83-B932D3E23EF8}"
EndProject
Project("{FAE04EC0-301F-11D3-BF4B-00C04F79EFBC}") = "SteamDeck.Automation", "C:\Program Files\Epic Games\UE_5.8\Engine\Source\Programs\AutomationTool\SteamDeck\SteamDeck.Automation.csproj", "{7C9DBA2D-5A1C-390C-B7BC-D63C68FFB1D9}"
EndProject
Project("{FAE04EC0-301F-11D3-BF4B-00C04F79EFBC}") = "Turnkey.Automation", "C:\Program Files\Epic Games\UE_5.8\Engine\Source\Programs\AutomationTool\Turnkey\Turnkey.Automation.csproj", "{DED23465-7DAF-36C2-9829-0E2775EE857D}"
EndProject
Project("{FAE04EC0-301F-11D3-BF4B-00C04F79EFBC}") = "TVOS.Automation", "C:\Program Files\Epic Games\UE_5.8\Engine\Source\Programs\AutomationTool\TVOS\TVOS.Automation.csproj", "{C49A24CE-75D9-3CC8-BBFF-CA804F9B0588}"
EndProject
Project("{FAE04EC0-301F-11D3-BF4B-00C04F79EFBC}") = "Win.Automation", "C:\Program Files\Epic Games\UE_5.8\Engine\Source\Programs\AutomationTool\Win\Win.Automation.csproj", "{773EB107-D571-34A7-85F7-30E54074060B}"
EndProject
Project("{FAE04EC0-301F-11D3-BF4B-00C04F79EFBC}") = "XLocLocalization.Automation", "C:\Program Files\Epic Games\UE_5.8\Engine\Source\Programs\AutomationTool\XLocLocalization\XLocLocalization.Automation.csproj", "{697896DA-9925-3D83-97D4-DFA36BD7FCA1}"
EndProject
Project("{2150E333-8FDC-42A3-9474-1A3956D46DE8}") = "Dependencies", "Dependencies", "{58A72724-8CB8-3260-8ADB-0161BCAC3D64}"
EndProject
Project("{FAE04EC0-301F-11D3-BF4B-00C04F79EFBC}") = "EpicGames.ProjectStore", "C:\Program Files\Epic Games\UE_5.8\Engine\Source\Programs\Shared\EpicGames.ProjectStore\EpicGames.ProjectStore.csproj", "{4EA697CF-B907-3F64-8763-04707DD540E1}"
EndProject
Project("{FAE04EC0-301F-11D3-BF4B-00C04F79EFBC}") = "EpicGames.LogMatchers", "C:\Program Files\Epic Games\UE_5.8\Engine\Source\Programs\Shared\EpicGames.LogMatchers\EpicGames.LogMatchers.csproj", "{56508A58-55B8-3F82-B41F-6AA0AE785DA4}"
EndProject
Project("{FAE04EC0-301F-11D3-BF4B-00C04F79EFBC}") = "EpicGames.BuildGraph", "C:\Program Files\Epic Games\UE_5.8\Engine\Source\Programs\Shared\EpicGames.BuildGraph\EpicGames.BuildGraph.csproj", "{FDFBCCF7-6EC7-3B8E-B53F-A9789717FA10}"
EndProject
Project("{FAE04EC0-301F-11D3-BF4B-00C04F79EFBC}") = "EpicGames.Build", "C:\Program Files\Epic Games\UE_5.8\Engine\Source\Programs\Shared\EpicGames.Build\EpicGames.Build.csproj", "{469D4483-6E67-3C37-A3E7-1A1316ADFE33}"
EndProject
Project("{FAE04EC0-301F-11D3-BF4B-00C04F79EFBC}") = "UnrealBuildTool", "C:\Program Files\Epic Games\UE_5.8\Engine\Source\Programs\UnrealBuildTool\UnrealBuildTool.csproj", "{0932DA74-D637-39C6-8842-AB94C6E07DAA}"
EndProject
Project("{FAE04EC0-301F-11D3-BF4B-00C04F79EFBC}") = "EpicGames.Core", "C:\Program Files\Epic Games\UE_5.8\Engine\Source\Programs\Shared\EpicGames.Core\EpicGames.Core.csproj", "{4ABA22A9-4D98-3A8E-B9C9-A68EC2FDF504}"
EndProject
Project("{FAE04EC0-301F-11D3-BF4B-00C04F79EFBC}") = "EpicGames.Perforce", "C:\Program Files\Epic Games\UE_5.8\Engine\Source\Programs\Shared\EpicGames.Perforce\EpicGames.Perforce.csproj", "{7B43F937-3C19-3E7C-BCED-632A8AD8AB22}"
EndProject
Project("{FAE04EC0-301F-11D3-BF4B-00C04F79EFBC}") = "EpicGames.Horde", "C:\Program Files\Epic Games\UE_5.8\Engine\Source\Programs\Shared\EpicGames.Horde\EpicGames.Horde.csproj", "{79BFC420-FD7C-3AC1-B54E-661ED32C11FC}"
EndProject
Project("{FAE04EC0-301F-11D3-BF4B-00C04F79EFBC}") = "EpicGames.Perforce.Managed", "C:\Program Files\Epic Games\UE_5.8\Engine\Source\Programs\Shared\EpicGames.Perforce.Managed\EpicGames.Perforce.Managed.csproj", "{021962BB-6211-30D9-8261-D3F3EBF43DB9}"
EndProject
Project("{FAE04EC0-301F-11D3-BF4B-00C04F79EFBC}") = "EpicGames.Serialization", "C:\Program Files\Epic Games\UE_5.8\Engine\Source\Programs\Shared\EpicGames.Serialization\EpicGames.Serialization.csproj", "{3DAAC6E8-51D1-3670-891E-915B55840530}"
EndProject
Project("{FAE04EC0-301F-11D3-BF4B-00C04F79EFBC}") = "EpicGames.OIDC", "C:\Program Files\Epic Games\UE_5.8\Engine\Source\Programs\Shared\EpicGames.OIDC\EpicGames.OIDC.csproj", "{2814E86A-8C20-3447-ACFE-F46B810EC7E9}"
EndProject
Project("{FAE04EC0-301F-11D3-BF4B-00C04F79EFBC}") = "EpicGames.Oodle", "C:\Program Files\Epic Games\UE_5.8\Engine\Source\Programs\Shared\EpicGames.Oodle\EpicGames.Oodle.csproj", "{2C15665A-9F71-30F0-900A-E11B09455DF9}"
EndProject
Project("{FAE04EC0-301F-11D3-BF4B-00C04F79EFBC}") = "EpicGames.MsBuild", "C:\Program Files\Epic Games\UE_5.8\Engine\Source\Programs\Shared\EpicGames.MsBuild\EpicGames.MsBuild.csproj", "{85C810FA-50EA-3247-9745-30D2476088F1}"
EndProject
Project("{FAE04EC0-301F-11D3-BF4B-00C04F79EFBC}") = "EpicGames.Analytics.Telemetry", "C:\Program Files\Epic Games\UE_5.8\Engine\Source\Programs\Shared\EpicGames.Analytics.Telemetry\EpicGames.Analytics.Telemetry.csproj", "{D6326028-6DAD-3187-AD31-B0A27514C5F7}"
EndProject
Project("{FAE04EC0-301F-11D3-BF4B-00C04F79EFBC}") = "EpicGames.IoHash", "C:\Program Files\Epic Games\UE_5.8\Engine\Source\Programs\Shared\EpicGames.IoHash\EpicGames.IoHash.csproj", "{9D1EE046-2D00-33A0-9F99-9B30B39882CF}"
EndProject
Project("{FAE04EC0-301F-11D3-BF4B-00C04F79EFBC}") = "EpicGames.UBA", "C:\Program Files\Epic Games\UE_5.8\Engine\Source\Programs\Shared\EpicGames.UBA\EpicGames.UBA.csproj", "{87D32F66-7507-3216-801E-D3C414858630}"
EndProject
Project("{FAE04EC0-301F-11D3-BF4B-00C04F79EFBC}") = "EpicGames.UHT", "C:\Program Files\Epic Games\UE_5.8\Engine\Source\Programs\Shared\EpicGames.UHT\EpicGames.UHT.csproj", "{19AA8FA8-E6B1-3A08-B949-708557E90E11}"
EndProject
Project("{FAE04EC0-301F-11D3-BF4B-00C04F79EFBC}") = "EpicGames.Perforce.Fixture", "C:\Program Files\Epic Games\UE_5.8\Engine\Source\Programs\Shared\EpicGames.Perforce.Fixture\EpicGames.Perforce.Fixture.csproj", "{A5816C1D-4218-39D2-B25A-EA44612F182A}"
EndProject
Project("{2150E333-8FDC-42A3-9474-1A3956D46DE8}") = "Tests", "Tests", "{63F96FAF-71A6-3DD6-AF0D-64B1504528FF}"
EndProject
Project("{FAE04EC0-301F-11D3-BF4B-00C04F79EFBC}") = "EpicGames.Core.Tests", "C:\Program Files\Epic Games\UE_5.8\Engine\Source\Programs\Shared\EpicGames.Core.Tests\EpicGames.Core.Tests.csproj", "{B020D6CA-D96D-37ED-BF84-46F330823754}"
EndProject
Project("{FAE04EC0-301F-11D3-BF4B-00C04F79EFBC}") = "EpicGames.Build.Tests", "C:\Program Files\Epic Games\UE_5.8\Engine\Source\Programs\Shared\EpicGames.Build.Tests\EpicGames.Build.Tests.csproj", "{02187264-4021-3431-B630-9466508821E2}"
EndProject
Project("{FAE04EC0-301F-11D3-BF4B-00C04F79EFBC}") = "EpicGames.Perforce.Tests", "C:\Program Files\Epic Games\UE_5.8\Engine\Source\Programs\Shared\EpicGames.Perforce.Tests\EpicGames.Perforce.Tests.csproj", "{6390116A-7C75-3481-B2AA-BFAF6CF722F8}"
EndProject
Project("{FAE04EC0-301F-11D3-BF4B-00C04F79EFBC}") = "EpicGames.BuildGraph.Tests", "C:\Program Files\Epic Games\UE_5.8\Engine\Source\Programs\Shared\EpicGames.BuildGraph.Tests\EpicGames.BuildGraph.Tests.csproj", "{E342EADD-34EC-3049-A205-71B4C39F73C7}"
EndProject
Project("{FAE04EC0-301F-11D3-BF4B-00C04F79EFBC}") = "EpicGames.LogMatchers.Tests", "C:\Program Files\Epic Games\UE_5.8\Engine\Source\Programs\Shared\EpicGames.LogMatchers.Tests\EpicGames.LogMatchers.Tests.csproj", "{E44E86DD-5B45-3B93-BAC0-840C58AC1325}"
EndProject
Project("{FAE04EC0-301F-11D3-BF4B-00C04F79EFBC}") = "EpicGames.Horde.Tests", "C:\Program Files\Epic Games\UE_5.8\Engine\Source\Programs\Shared\EpicGames.Horde.Tests\EpicGames.Horde.Tests.csproj", "{3F716A83-E417-3904-90E8-6FCC4AB35BAF}"
EndProject
Project("{FAE04EC0-301F-11D3-BF4B-00C04F79EFBC}") = "EpicGames.Perforce.Managed.Tests", "C:\Program Files\Epic Games\UE_5.8\Engine\Source\Programs\Shared\EpicGames.Perforce.Managed.Tests\EpicGames.Perforce.Managed.Tests.csproj", "{343F369C-E9D6-3C05-B6F1-3167F2D4CD65}"
EndProject
Project("{FAE04EC0-301F-11D3-BF4B-00C04F79EFBC}") = "EpicGames.Serialization.Tests", "C:\Program Files\Epic Games\UE_5.8\Engine\Source\Programs\Shared\EpicGames.Serialization.Tests\EpicGames.Serialization.Tests.csproj", "{0C10C806-A900-312D-94B9-7E500CD0F2E4}"
EndProject
Project("{FAE04EC0-301F-11D3-BF4B-00C04F79EFBC}") = "EpicGames.IoHash.Tests", "C:\Program Files\Epic Games\UE_5.8\Engine\Source\Programs\Shared\EpicGames.IoHash.Tests\EpicGames.IoHash.Tests.csproj", "{3ED02165-685D-3B7E-875C-E496E628399C}"
EndProject
Global
	GlobalSection(SolutionConfigurationPlatforms) = preSolution
		Analyze|Any CPU = Analyze|Any CPU
		Debug|Any CPU = Debug|Any CPU
		Development|Any CPU = Development|Any CPU
		Release|Any CPU = Release|Any CPU
	EndGlobalSection
	GlobalSection(ProjectConfigurationPlatforms) = postSolution
		{141DF7C9-3F2F-34E6-A9B2-10FA1E08F90A}.Analyze|Any CPU.ActiveCfg = Analyze|Any CPU
		{141DF7C9-3F2F-34E6-A9B2-10FA1E08F90A}.Analyze|Any CPU.Build.0 = Analyze|Any CPU
		{141DF7C9-3F2F-34E6-A9B2-10FA1E08F90A}.Debug|Any CPU.ActiveCfg = Debug|Any CPU
		{141DF7C9-3F2F-34E6-A9B2-10FA1E08F90A}.Debug|Any CPU.Build.0 = Debug|Any CPU
		{141DF7C9-3F2F-34E6-A9B2-10FA1E08F90A}.Development|Any CPU.ActiveCfg = Development|Any CPU
		{141DF7C9-3F2F-34E6-A9B2-10FA1E08F90A}.Development|Any CPU.Build.0 = Development|Any CPU
		{141DF7C9-3F2F-34E6-A9B2-10FA1E08F90A}.Release|Any CPU.ActiveCfg = Release|Any CPU
		{141DF7C9-3F2F-34E6-A9B2-10FA1E08F90A}.Release|Any CPU.Build.0 = Release|Any CPU
		{EF16B52A-B849-30BA-8822-6227C4DA1C88}.Analyze|Any CPU.ActiveCfg = Analyze|Any CPU
		{EF16B52A-B849-30BA-8822-6227C4DA1C88}.Analyze|Any CPU.Build.0 = Analyze|Any CPU
		{EF16B52A-B849-30BA-8822-6227C4DA1C88}.Debug|Any CPU.ActiveCfg = Debug|Any CPU
		{EF16B52A-B849-30BA-8822-6227C4DA1C88}.Debug|Any CPU.Build.0 = Debug|Any CPU
		{EF16B52A-B849-30BA-8822-6227C4DA1C88}.Development|Any CPU.ActiveCfg = Development|Any CPU
		{EF16B52A-B849-30BA-8822-6227C4DA1C88}.Development|Any CPU.Build.0 = Development|Any CPU
		{EF16B52A-B849-30BA-8822-6227C4DA1C88}.Release|Any CPU.ActiveCfg = Release|Any CPU
		{EF16B52A-B849-30BA-8822-6227C4DA1C88}.Release|Any CPU.Build.0 = Release|Any CPU
		{6B486080-207F-351C-9E59-D687A4E1D8F5}.Analyze|Any CPU.ActiveCfg = Analyze|Any CPU
		{6B486080-207F-351C-9E59-D687A4E1D8F5}.Analyze|Any CPU.Build.0 = Analyze|Any CPU
		{6B486080-207F-351C-9E59-D687A4E1D8F5}.Debug|Any CPU.ActiveCfg = Debug|Any CPU
		{6B486080-207F-351C-9E59-D687A4E1D8F5}.Debug|Any CPU.Build.0 = Debug|Any CPU
		{6B486080-207F-351C-9E59-D687A4E1D8F5}.Development|Any CPU.ActiveCfg = Development|Any CPU
		{6B486080-207F-351C-9E59-D687A4E1D8F5}.Development|Any CPU.Build.0 = Development|Any CPU
		{6B486080-207F-351C-9E59-D687A4E1D8F5}.Release|Any CPU.ActiveCfg = Release|Any CPU
		{6B486080-207F-351C-9E59-D687A4E1D8F5}.Release|Any CPU.Build.0 = Release|Any CPU
		{81F22095-25B3-3DCC-9A1A-B68BA5A94C82}.Analyze|Any CPU.ActiveCfg = Analyze|Any CPU
		{81F22095-25B3-3DCC-9A1A-B68BA5A94C82}.Analyze|Any CPU.Build.0 = Analyze|Any CPU
		{81F22095-25B3-3DCC-9A1A-B68BA5A94C82}.Debug|Any CPU.ActiveCfg = Debug|Any CPU
		{81F22095-25B3-3DCC-9A1A-B68BA5A94C82}.Debug|Any CPU.Build.0 = Debug|Any CPU
		{81F22095-25B3-3DCC-9A1A-B68BA5A94C82}.Development|Any CPU.ActiveCfg = Development|Any CPU
		{81F22095-25B3-3DCC-9A1A-B68BA5A94C82}.Development|Any CPU.Build.0 = Development|Any CPU
		{81F22095-25B3-3DCC-9A1A-B68BA5A94C82}.Release|Any CPU.ActiveCfg = Release|Any CPU
		{81F22095-25B3-3DCC-9A1A-B68BA5A94C82}.Release|Any CPU.Build.0 = Release|Any CPU
		{CC60C319-838D-3A76-BC4B-753EFA279944}.Analyze|Any CPU.ActiveCfg = Analyze|Any CPU
		{CC60C319-838D-3A76-BC4B-753EFA279944}.Analyze|Any CPU.Build.0 = Analyze|Any CPU
		{CC60C319-838D-3A76-BC4B-753EFA279944}.Debug|Any CPU.ActiveCfg = Debug|Any CPU
		{CC60C319-838D-3A76-BC4B-753EFA279944}.Debug|Any CPU.Build.0 = Debug|Any CPU
		{CC60C319-838D-3A76-BC4B-753EFA279944}.Development|Any CPU.ActiveCfg = Development|Any CPU
		{CC60C319-838D-3A76-BC4B-753EFA279944}.Development|Any CPU.Build.0 = Development|Any CPU
		{CC60C319-838D-3A76-BC4B-753EFA279944}.Release|Any CPU.ActiveCfg = Release|Any CPU
		{CC60C319-838D-3A76-BC4B-753EFA279944}.Release|Any CPU.Build.0 = Release|Any CPU
		{25ACD816-3711-3A86-9FC4-822BD1907CC4}.Analyze|Any CPU.ActiveCfg = Analyze|Any CPU
		{25ACD816-3711-3A86-9FC4-822BD1907CC4}.Analyze|Any CPU.Build.0 = Analyze|Any CPU
		{25ACD816-3711-3A86-9FC4-822BD1907CC4}.Debug|Any CPU.ActiveCfg = Debug|Any CPU
		{25ACD816-3711-3A86-9FC4-822BD1907CC4}.Debug|Any CPU.Build.0 = Debug|Any CPU
		{25ACD816-3711-3A86-9FC4-822BD1907CC4}.Development|Any CPU.ActiveCfg = Development|Any CPU
		{25ACD816-3711-3A86-9FC4-822BD1907CC4}.Development|Any CPU.Build.0 = Development|Any CPU
		{25ACD816-3711-3A86-9FC4-822BD1907CC4}.Release|Any CPU.ActiveCfg = Release|Any CPU
		{25ACD816-3711-3A86-9FC4-822BD1907CC4}.Release|Any CPU.Build.0 = Release|Any CPU
		{AB8F7B82-D9DC-3757-B569-2F42EA615CA3}.Analyze|Any CPU.ActiveCfg = Analyze|Any CPU
		{AB8F7B82-D9DC-3757-B569-2F42EA615CA3}.Analyze|Any CPU.Build.0 = Analyze|Any CPU
		{AB8F7B82-D9DC-3757-B569-2F42EA615CA3}.Debug|Any CPU.ActiveCfg = Debug|Any CPU
		{AB8F7B82-D9DC-3757-B569-2F42EA615CA3}.Debug|Any CPU.Build.0 = Debug|Any CPU
		{AB8F7B82-D9DC-3757-B569-2F42EA615CA3}.Development|Any CPU.ActiveCfg = Development|Any CPU
		{AB8F7B82-D9DC-3757-B569-2F42EA615CA3}.Development|Any CPU.Build.0 = Development|Any CPU
		{AB8F7B82-D9DC-3757-B569-2F42EA615CA3}.Release|Any CPU.ActiveCfg = Release|Any CPU
		{AB8F7B82-D9DC-3757-B569-2F42EA615CA3}.Release|Any CPU.Build.0 = Release|Any CPU
		{937D0669-966A-32BA-8FD8-AB3BF763507E}.Analyze|Any CPU.ActiveCfg = Analyze|Any CPU
		{937D0669-966A-32BA-8FD8-AB3BF763507E}.Analyze|Any CPU.Build.0 = Analyze|Any CPU
		{937D0669-966A-32BA-8FD8-AB3BF763507E}.Debug|Any CPU.ActiveCfg = Debug|Any CPU
		{937D0669-966A-32BA-8FD8-AB3BF763507E}.Debug|Any CPU.Build.0 = Debug|Any CPU
		{937D0669-966A-32BA-8FD8-AB3BF763507E}.Development|Any CPU.ActiveCfg = Development|Any CPU
		{937D0669-966A-32BA-8FD8-AB3BF763507E}.Development|Any CPU.Build.0 = Development|Any CPU
		{937D0669-966A-32BA-8FD8-AB3BF763507E}.Release|Any CPU.ActiveCfg = Release|Any CPU
		{937D0669-966A-32BA-8FD8-AB3BF763507E}.Release|Any CPU.Build.0 = Release|Any CPU
		{B5CBBE5A-752C-36FD-AEDF-9A103151E875}.Analyze|Any CPU.ActiveCfg = Analyze|Any CPU
		{B5CBBE5A-752C-36FD-AEDF-9A103151E875}.Analyze|Any CPU.Build.0 = Analyze|Any CPU
		{B5CBBE5A-752C-36FD-AEDF-9A103151E875}.Debug|Any CPU.ActiveCfg = Debug|Any CPU
		{B5CBBE5A-752C-36FD-AEDF-9A103151E875}.Debug|Any CPU.Build.0 = Debug|Any CPU
		{B5CBBE5A-752C-36FD-AEDF-9A103151E875}.Development|Any CPU.ActiveCfg = Development|Any CPU
		{B5CBBE5A-752C-36FD-AEDF-9A103151E875}.Development|Any CPU.Build.0 = Development|Any CPU
		{B5CBBE5A-752C-36FD-AEDF-9A103151E875}.Release|Any CPU.ActiveCfg = Release|Any CPU
		{B5CBBE5A-752C-36FD-AEDF-9A103151E875}.Release|Any CPU.Build.0 = Release|Any CPU
		{80229732-2CAB-3C88-B482-8CAF7B51C86A}.Analyze|Any CPU.ActiveCfg = Analyze|Any CPU
		{80229732-2CAB-3C88-B482-8CAF7B51C86A}.Analyze|Any CPU.Build.0 = Analyze|Any CPU
		{80229732-2CAB-3C88-B482-8CAF7B51C86A}.Debug|Any CPU.ActiveCfg = Debug|Any CPU
		{80229732-2CAB-3C88-B482-8CAF7B51C86A}.Debug|Any CPU.Build.0 = Debug|Any CPU
		{80229732-2CAB-3C88-B482-8CAF7B51C86A}.Development|Any CPU.ActiveCfg = Development|Any CPU
		{80229732-2CAB-3C88-B482-8CAF7B51C86A}.Development|Any CPU.Build.0 = Development|Any CPU
		{80229732-2CAB-3C88-B482-8CAF7B51C86A}.Release|Any CPU.ActiveCfg = Release|Any CPU
		{80229732-2CAB-3C88-B482-8CAF7B51C86A}.Release|Any CPU.Build.0 = Release|Any CPU
		{B0A44374-7D5D-321F-919D-98A549FD4C41}.Analyze|Any CPU.ActiveCfg = Analyze|Any CPU
		{B0A44374-7D5D-321F-919D-98A549FD4C41}.Analyze|Any CPU.Build.0 = Analyze|Any CPU
		{B0A44374-7D5D-321F-919D-98A549FD4C41}.Debug|Any CPU.ActiveCfg = Debug|Any CPU
		{B0A44374-7D5D-321F-919D-98A549FD4C41}.Debug|Any CPU.Build.0 = Debug|Any CPU
		{B0A44374-7D5D-321F-919D-98A549FD4C41}.Development|Any CPU.ActiveCfg = Development|Any CPU
		{B0A44374-7D5D-321F-919D-98A549FD4C41}.Development|Any CPU.Build.0 = Development|Any CPU
		{B0A44374-7D5D-321F-919D-98A549FD4C41}.Release|Any CPU.ActiveCfg = Release|Any CPU
		{B0A44374-7D5D-321F-919D-98A549FD4C41}.Release|Any CPU.Build.0 = Release|Any CPU
		{38399FC0-628B-37E4-977A-342ADCEFA80F}.Analyze|Any CPU.ActiveCfg = Analyze|Any CPU
		{38399FC0-628B-37E4-977A-342ADCEFA80F}.Analyze|Any CPU.Build.0 = Analyze|Any CPU
		{38399FC0-628B-37E4-977A-342ADCEFA80F}.Debug|Any CPU.ActiveCfg = Debug|Any CPU
		{38399FC0-628B-37E4-977A-342ADCEFA80F}.Debug|Any CPU.Build.0 = Debug|Any CPU
		{38399FC0-628B-37E4-977A-342ADCEFA80F}.Development|Any CPU.ActiveCfg = Development|Any CPU
		{38399FC0-628B-37E4-977A-342ADCEFA80F}.Development|Any CPU.Build.0 = Development|Any CPU
		{38399FC0-628B-37E4-977A-342ADCEFA80F}.Release|Any CPU.ActiveCfg = Release|Any CPU
		{38399FC0-628B-37E4-977A-342ADCEFA80F}.Release|Any CPU.Build.0 = Release|Any CPU
		{10098A12-E89B-3ED0-8D39-E69E92682C6F}.Analyze|Any CPU.ActiveCfg = Analyze|Any CPU
		{10098A12-E89B-3ED0-8D39-E69E92682C6F}.Analyze|Any CPU.Build.0 = Analyze|Any CPU
		{10098A12-E89B-3ED0-8D39-E69E92682C6F}.Debug|Any CPU.ActiveCfg = Debug|Any CPU
		{10098A12-E89B-3ED0-8D39-E69E92682C6F}.Debug|Any CPU.Build.0 = Debug|Any CPU
		{10098A12-E89B-3ED0-8D39-E69E92682C6F}.Development|Any CPU.ActiveCfg = Development|Any CPU
		{10098A12-E89B-3ED0-8D39-E69E92682C6F}.Development|Any CPU.Build.0 = Development|Any CPU
		{10098A12-E89B-3ED0-8D39-E69E92682C6F}.Release|Any CPU.ActiveCfg = Release|Any CPU
		{10098A12-E89B-3ED0-8D39-E69E92682C6F}.Release|Any CPU.Build.0 = Release|Any CPU
		{BEE7A10B-E90F-3525-B368-0B67E80C1FAB}.Analyze|Any CPU.ActiveCfg = Analyze|Any CPU
		{BEE7A10B-E90F-3525-B368-0B67E80C1FAB}.Analyze|Any CPU.Build.0 = Analyze|Any CPU
		{BEE7A10B-E90F-3525-B368-0B67E80C1FAB}.Debug|Any CPU.ActiveCfg = Debug|Any CPU
		{BEE7A10B-E90F-3525-B368-0B67E80C1FAB}.Debug|Any CPU.Build.0 = Debug|Any CPU
		{BEE7A10B-E90F-3525-B368-0B67E80C1FAB}.Development|Any CPU.ActiveCfg = Development|Any CPU
		{BEE7A10B-E90F-3525-B368-0B67E80C1FAB}.Development|Any CPU.Build.0 = Development|Any CPU
		{BEE7A10B-E90F-3525-B368-0B67E80C1FAB}.Release|Any CPU.ActiveCfg = Release|Any CPU
		{BEE7A10B-E90F-3525-B368-0B67E80C1FAB}.Release|Any CPU.Build.0 = Release|Any CPU
		{1894F2D1-CCFA-3A25-9400-031C2E4811A7}.Analyze|Any CPU.ActiveCfg = Analyze|Any CPU
		{1894F2D1-CCFA-3A25-9400-031C2E4811A7}.Analyze|Any CPU.Build.0 = Analyze|Any CPU
		{1894F2D1-CCFA-3A25-9400-031C2E4811A7}.Debug|Any CPU.ActiveCfg = Debug|Any CPU
		{1894F2D1-CCFA-3A25-9400-031C2E4811A7}.Debug|Any CPU.Build.0 = Debug|Any CPU
		{1894F2D1-CCFA-3A25-9400-031C2E4811A7}.Development|Any CPU.ActiveCfg = Development|Any CPU
		{1894F2D1-CCFA-3A25-9400-031C2E4811A7}.Development|Any CPU.Build.0 = Development|Any CPU
		{1894F2D1-CCFA-3A25-9400-031C2E4811A7}.Release|Any CPU.ActiveCfg = Release|Any CPU
		{1894F2D1-CCFA-3A25-9400-031C2E4811A7}.Release|Any CPU.Build.0 = Release|Any CPU
		{B44780DF-8157-3DD8-8762-6CEAE6B7AA2E}.Analyze|Any CPU.ActiveCfg = Analyze|Any CPU
		{B44780DF-8157-3DD8-8762-6CEAE6B7AA2E}.Analyze|Any CPU.Build.0 = Analyze|Any CPU
		{B44780DF-8157-3DD8-8762-6CEAE6B7AA2E}.Debug|Any CPU.ActiveCfg = Debug|Any CPU
		{B44780DF-8157-3DD8-8762-6CEAE6B7AA2E}.Debug|Any CPU.Build.0 = Debug|Any CPU
		{B44780DF-8157-3DD8-8762-6CEAE6B7AA2E}.Development|Any CPU.ActiveCfg = Development|Any CPU
		{B44780DF-8157-3DD8-8762-6CEAE6B7AA2E}.Development|Any CPU.Build.0 = Development|Any CPU
		{B44780DF-8157-3DD8-8762-6CEAE6B7AA2E}.Release|Any CPU.ActiveCfg = Release|Any CPU
		{B44780DF-8157-3DD8-8762-6CEAE6B7AA2E}.Release|Any CPU.Build.0 = Release|Any CPU
		{A1FBDA7E-7C24-3B0D-A105-B4F977BD8922}.Analyze|Any CPU.ActiveCfg = Analyze|Any CPU
		{A1FBDA7E-7C24-3B0D-A105-B4F977BD8922}.Analyze|Any CPU.Build.0 = Analyze|Any CPU
		{A1FBDA7E-7C24-3B0D-A105-B4F977BD8922}.Debug|Any CPU.ActiveCfg = Debug|Any CPU
		{A1FBDA7E-7C24-3B0D-A105-B4F977BD8922}.Debug|Any CPU.Build.0 = Debug|Any CPU
		{A1FBDA7E-7C24-3B0D-A105-B4F977BD8922}.Development|Any CPU.ActiveCfg = Development|Any CPU
		{A1FBDA7E-7C24-3B0D-A105-B4F977BD8922}.Development|Any CPU.Build.0 = Development|Any CPU
		{A1FBDA7E-7C24-3B0D-A105-B4F977BD8922}.Release|Any CPU.ActiveCfg = Release|Any CPU
		{A1FBDA7E-7C24-3B0D-A105-B4F977BD8922}.Release|Any CPU.Build.0 = Release|Any CPU
		{4E6CD3C1-1F46-36D1-9C85-1F9E0CF92203}.Analyze|Any CPU.ActiveCfg = Analyze|Any CPU
		{4E6CD3C1-1F46-36D1-9C85-1F9E0CF92203}.Analyze|Any CPU.Build.0 = Analyze|Any CPU
		{4E6CD3C1-1F46-36D1-9C85-1F9E0CF92203}.Debug|Any CPU.ActiveCfg = Debug|Any CPU
		{4E6CD3C1-1F46-36D1-9C85-1F9E0CF92203}.Debug|Any CPU.Build.0 = Debug|Any CPU
		{4E6CD3C1-1F46-36D1-9C85-1F9E0CF92203}.Development|Any CPU.ActiveCfg = Development|Any CPU
		{4E6CD3C1-1F46-36D1-9C85-1F9E0CF92203}.Development|Any CPU.Build.0 = Development|Any CPU
		{4E6CD3C1-1F46-36D1-9C85-1F9E0CF92203}.Release|Any CPU.ActiveCfg = Release|Any CPU
		{4E6CD3C1-1F46-36D1-9C85-1F9E0CF92203}.Release|Any CPU.Build.0 = Release|Any CPU
		{6CB3822D-C90F-3F4A-8CF2-45ADDD38F3B1}.Analyze|Any CPU.ActiveCfg = Analyze|Any CPU
		{6CB3822D-C90F-3F4A-8CF2-45ADDD38F3B1}.Analyze|Any CPU.Build.0 = Analyze|Any CPU
		{6CB3822D-C90F-3F4A-8CF2-45ADDD38F3B1}.Debug|Any CPU.ActiveCfg = Debug|Any CPU
		{6CB3822D-C90F-3F4A-8CF2-45ADDD38F3B1}.Debug|Any CPU.Build.0 = Debug|Any CPU
		{6CB3822D-C90F-3F4A-8CF2-45ADDD38F3B1}.Development|Any CPU.ActiveCfg = Development|Any CPU
		{6CB3822D-C90F-3F4A-8CF2-45ADDD38F3B1}.Development|Any CPU.Build.0 = Development|Any CPU
		{6CB3822D-C90F-3F4A-8CF2-45ADDD38F3B1}.Release|Any CPU.ActiveCfg = Release|Any CPU
		{6CB3822D-C90F-3F4A-8CF2-45ADDD38F3B1}.Release|Any CPU.Build.0 = Release|Any CPU
		{0A14977E-2FF8-36D8-973D-4591EDA16366}.Analyze|Any CPU.ActiveCfg = Analyze|Any CPU
		{0A14977E-2FF8-36D8-973D-4591EDA16366}.Analyze|Any CPU.Build.0 = Analyze|Any CPU
		{0A14977E-2FF8-36D8-973D-4591EDA16366}.Debug|Any CPU.ActiveCfg = Debug|Any CPU
		{0A14977E-2FF8-36D8-973D-4591EDA16366}.Debug|Any CPU.Build.0 = Debug|Any CPU
		{0A14977E-2FF8-36D8-973D-4591EDA16366}.Development|Any CPU.ActiveCfg = Development|Any CPU
		{0A14977E-2FF8-36D8-973D-4591EDA16366}.Development|Any CPU.Build.0 = Development|Any CPU
		{0A14977E-2FF8-36D8-973D-4591EDA16366}.Release|Any CPU.ActiveCfg = Release|Any CPU
		{0A14977E-2FF8-36D8-973D-4591EDA16366}.Release|Any CPU.Build.0 = Release|Any CPU
		{428CD44D-E54F-370B-8C83-B932D3E23EF8}.Analyze|Any CPU.ActiveCfg = Analyze|Any CPU
		{428CD44D-E54F-370B-8C83-B932D3E23EF8}.Analyze|Any CPU.Build.0 = Analyze|Any CPU
		{428CD44D-E54F-370B-8C83-B932D3E23EF8}.Debug|Any CPU.ActiveCfg = Debug|Any CPU
		{428CD44D-E54F-370B-8C83-B932D3E23EF8}.Debug|Any CPU.Build.0 = Debug|Any CPU
		{428CD44D-E54F-370B-8C83-B932D3E23EF8}.Development|Any CPU.ActiveCfg = Development|Any CPU
		{428CD44D-E54F-370B-8C83-B932D3E23EF8}.Development|Any CPU.Build.0 = Development|Any CPU
		{428CD44D-E54F-370B-8C83-B932D3E23EF8}.Release|Any CPU.ActiveCfg = Release|Any CPU
		{428CD44D-E54F-370B-8C83-B932D3E23EF8}.Release|Any CPU.Build.0 = Release|Any CPU
		{7C9DBA2D-5A1C-390C-B7BC-D63C68FFB1D9}.Analyze|Any CPU.ActiveCfg = Analyze|Any CPU
		{7C9DBA2D-5A1C-390C-B7BC-D63C68FFB1D9}.Analyze|Any CPU.Build.0 = Analyze|Any CPU
		{7C9DBA2D-5A1C-390C-B7BC-D63C68FFB1D9}.Debug|Any CPU.ActiveCfg = Debug|Any CPU
		{7C9DBA2D-5A1C-390C-B7BC-D63C68FFB1D9}.Debug|Any CPU.Build.0 = Debug|Any CPU
		{7C9DBA2D-5A1C-390C-B7BC-D63C68FFB1D9}.Development|Any CPU.ActiveCfg = Development|Any CPU
		{7C9DBA2D-5A1C-390C-B7BC-D63C68FFB1D9}.Development|Any CPU.Build.0 = Development|Any CPU
		{7C9DBA2D-5A1C-390C-B7BC-D63C68FFB1D9}.Release|Any CPU.ActiveCfg = Release|Any CPU
		{7C9DBA2D-5A1C-390C-B7BC-D63C68FFB1D9}.Release|Any CPU.Build.0 = Release|Any CPU
		{DED23465-7DAF-36C2-9829-0E2775EE857D}.Analyze|Any CPU.ActiveCfg = Analyze|Any CPU
		{DED23465-7DAF-36C2-9829-0E2775EE857D}.Analyze|Any CPU.Build.0 = Analyze|Any CPU
		{DED23465-7DAF-36C2-9829-0E2775EE857D}.Debug|Any CPU.ActiveCfg = Debug|Any CPU
		{DED23465-7DAF-36C2-9829-0E2775EE857D}.Debug|Any CPU.Build.0 = Debug|Any CPU
		{DED23465-7DAF-36C2-9829-0E2775EE857D}.Development|Any CPU.ActiveCfg = Development|Any CPU
		{DED23465-7DAF-36C2-9829-0E2775EE857D}.Development|Any CPU.Build.0 = Development|Any CPU
		{DED23465-7DAF-36C2-9829-0E2775EE857D}.Release|Any CPU.ActiveCfg = Release|Any CPU
		{DED23465-7DAF-36C2-9829-0E2775EE857D}.Release|Any CPU.Build.0 = Release|Any CPU
		{C49A24CE-75D9-3CC8-BBFF-CA804F9B0588}.Analyze|Any CPU.ActiveCfg = Analyze|Any CPU
		{C49A24CE-75D9-3CC8-BBFF-CA804F9B0588}.Analyze|Any CPU.Build.0 = Analyze|Any CPU
		{C49A24CE-75D9-3CC8-BBFF-CA804F9B0588}.Debug|Any CPU.ActiveCfg = Debug|Any CPU
		{C49A24CE-75D9-3CC8-BBFF-CA804F9B0588}.Debug|Any CPU.Build.0 = Debug|Any CPU
		{C49A24CE-75D9-3CC8-BBFF-CA804F9B0588}.Development|Any CPU.ActiveCfg = Development|Any CPU
		{C49A24CE-75D9-3CC8-BBFF-CA804F9B0588}.Development|Any CPU.Build.0 = Development|Any CPU
		{C49A24CE-75D9-3CC8-BBFF-CA804F9B0588}.Release|Any CPU.ActiveCfg = Release|Any CPU
		{C49A24CE-75D9-3CC8-BBFF-CA804F9B0588}.Release|Any CPU.Build.0 = Release|Any CPU
		{773EB107-D571-34A7-85F7-30E54074060B}.Analyze|Any CPU.ActiveCfg = Analyze|Any CPU
		{773EB107-D571-34A7-85F7-30E54074060B}.Analyze|Any CPU.Build.0 = Analyze|Any CPU
		{773EB107-D571-34A7-85F7-30E54074060B}.Debug|Any CPU.ActiveCfg = Debug|Any CPU
		{773EB107-D571-34A7-85F7-30E54074060B}.Debug|Any CPU.Build.0 = Debug|Any CPU
		{773EB107-D571-34A7-85F7-30E54074060B}.Development|Any CPU.ActiveCfg = Development|Any CPU
		{773EB107-D571-34A7-85F7-30E54074060B}.Development|Any CPU.Build.0 = Development|Any CPU
		{773EB107-D571-34A7-85F7-30E54074060B}.Release|Any CPU.ActiveCfg = Release|Any CPU
		{773EB107-D571-34A7-85F7-30E54074060B}.Release|Any CPU.Build.0 = Release|Any CPU
		{697896DA-9925-3D83-97D4-DFA36BD7FCA1}.Analyze|Any CPU.ActiveCfg = Analyze|Any CPU
		{697896DA-9925-3D83-97D4-DFA36BD7FCA1}.Analyze|Any CPU.Build.0 = Analyze|Any CPU
		{697896DA-9925-3D83-97D4-DFA36BD7FCA1}.Debug|Any CPU.ActiveCfg = Debug|Any CPU
		{697896DA-9925-3D83-97D4-DFA36BD7FCA1}.Debug|Any CPU.Build.0 = Debug|Any CPU
		{697896DA-9925-3D83-97D4-DFA36BD7FCA1}.Development|Any CPU.ActiveCfg = Development|Any CPU
		{697896DA-9925-3D83-97D4-DFA36BD7FCA1}.Development|Any CPU.Build.0 = Development|Any CPU
		{697896DA-9925-3D83-97D4-DFA36BD7FCA1}.Release|Any CPU.ActiveCfg = Release|Any CPU
		{697896DA-9925-3D83-97D4-DFA36BD7FCA1}.Release|Any CPU.Build.0 = Release|Any CPU
		{4EA697CF-B907-3F64-8763-04707DD540E1}.Analyze|Any CPU.ActiveCfg = Analyze|Any CPU
		{4EA697CF-B907-3F64-8763-04707DD540E1}.Analyze|Any CPU.Build.0 = Analyze|Any CPU
		{4EA697CF-B907-3F64-8763-04707DD540E1}.Debug|Any CPU.ActiveCfg = Debug|Any CPU
		{4EA697CF-B907-3F64-8763-04707DD540E1}.Debug|Any CPU.Build.0 = Debug|Any CPU
		{4EA697CF-B907-3F64-8763-04707DD540E1}.Development|Any CPU.ActiveCfg = Development|Any CPU
		{4EA697CF-B907-3F64-8763-04707DD540E1}.Development|Any CPU.Build.0 = Development|Any CPU
		{4EA697CF-B907-3F64-8763-04707DD540E1}.Release|Any CPU.ActiveCfg = Release|Any CPU
		{4EA697CF-B907-3F64-8763-04707DD540E1}.Release|Any CPU.Build.0 = Release|Any CPU
		{56508A58-55B8-3F82-B41F-6AA0AE785DA4}.Analyze|Any CPU.ActiveCfg = Analyze|Any CPU
		{56508A58-55B8-3F82-B41F-6AA0AE785DA4}.Analyze|Any CPU.Build.0 = Analyze|Any CPU
		{56508A58-55B8-3F82-B41F-6AA0AE785DA4}.Debug|Any CPU.ActiveCfg = Debug|Any CPU
		{56508A58-55B8-3F82-B41F-6AA0AE785DA4}.Debug|Any CPU.Build.0 = Debug|Any CPU
		{56508A58-55B8-3F82-B41F-6AA0AE785DA4}.Development|Any CPU.ActiveCfg = Development|Any CPU
		{56508A58-55B8-3F82-B41F-6AA0AE785DA4}.Development|Any CPU.Build.0 = Development|Any CPU
		{56508A58-55B8-3F82-B41F-6AA0AE785DA4}.Release|Any CPU.ActiveCfg = Release|Any CPU
		{56508A58-55B8-3F82-B41F-6AA0AE785DA4}.Release|Any CPU.Build.0 = Release|Any CPU
		{FDFBCCF7-6EC7-3B8E-B53F-A9789717FA10}.Analyze|Any CPU.ActiveCfg = Analyze|Any CPU
		{FDFBCCF7-6EC7-3B8E-B53F-A9789717FA10}.Analyze|Any CPU.Build.0 = Analyze|Any CPU
		{FDFBCCF7-6EC7-3B8E-B53F-A9789717FA10}.Debug|Any CPU.ActiveCfg = Debug|Any CPU
		{FDFBCCF7-6EC7-3B8E-B53F-A9789717FA10}.Debug|Any CPU.Build.0 = Debug|Any CPU
		{FDFBCCF7-6EC7-3B8E-B53F-A9789717FA10}.Development|Any CPU.ActiveCfg = Development|Any CPU
		{FDFBCCF7-6EC7-3B8E-B53F-A9789717FA10}.Development|Any CPU.Build.0 = Development|Any CPU
		{FDFBCCF7-6EC7-3B8E-B53F-A9789717FA10}.Release|Any CPU.ActiveCfg = Release|Any CPU
		{FDFBCCF7-6EC7-3B8E-B53F-A9789717FA10}.Release|Any CPU.Build.0 = Release|Any CPU
		{469D4483-6E67-3C37-A3E7-1A1316ADFE33}.Analyze|Any CPU.ActiveCfg = Analyze|Any CPU
		{469D4483-6E67-3C37-A3E7-1A1316ADFE33}.Analyze|Any CPU.Build.0 = Analyze|Any CPU
		{469D4483-6E67-3C37-A3E7-1A1316ADFE33}.Debug|Any CPU.ActiveCfg = Debug|Any CPU
		{469D4483-6E67-3C37-A3E7-1A1316ADFE33}.Debug|Any CPU.Build.0 = Debug|Any CPU
		{469D4483-6E67-3C37-A3E7-1A1316ADFE33}.Development|Any CPU.ActiveCfg = Development|Any CPU
		{469D4483-6E67-3C37-A3E7-1A1316ADFE33}.Development|Any CPU.Build.0 = Development|Any CPU
		{469D4483-6E67-3C37-A3E7-1A1316ADFE33}.Release|Any CPU.ActiveCfg = Release|Any CPU
		{469D4483-6E67-3C37-A3E7-1A1316ADFE33}.Release|Any CPU.Build.0 = Release|Any CPU
		{0932DA74-D637-39C6-8842-AB94C6E07DAA}.Analyze|Any CPU.ActiveCfg = Analyze|Any CPU
		{0932DA74-D637-39C6-8842-AB94C6E07DAA}.Analyze|Any CPU.Build.0 = Analyze|Any CPU
		{0932DA74-D637-39C6-8842-AB94C6E07DAA}.Debug|Any CPU.ActiveCfg = Debug|Any CPU
		{0932DA74-D637-39C6-8842-AB94C6E07DAA}.Debug|Any CPU.Build.0 = Debug|Any CPU
		{0932DA74-D637-39C6-8842-AB94C6E07DAA}.Development|Any CPU.ActiveCfg = Development|Any CPU
		{0932DA74-D637-39C6-8842-AB94C6E07DAA}.Development|Any CPU.Build.0 = Development|Any CPU
		{0932DA74-D637-39C6-8842-AB94C6E07DAA}.Release|Any CPU.ActiveCfg = Release|Any CPU
		{0932DA74-D637-39C6-8842-AB94C6E07DAA}.Release|Any CPU.Build.0 = Release|Any CPU
		{4ABA22A9-4D98-3A8E-B9C9-A68EC2FDF504}.Analyze|Any CPU.ActiveCfg = Analyze|Any CPU
		{4ABA22A9-4D98-3A8E-B9C9-A68EC2FDF504}.Analyze|Any CPU.Build.0 = Analyze|Any CPU
		{4ABA22A9-4D98-3A8E-B9C9-A68EC2FDF504}.Debug|Any CPU.ActiveCfg = Debug|Any CPU
		{4ABA22A9-4D98-3A8E-B9C9-A68EC2FDF504}.Debug|Any CPU.Build.0 = Debug|Any CPU
		{4ABA22A9-4D98-3A8E-B9C9-A68EC2FDF504}.Development|Any CPU.ActiveCfg = Development|Any CPU
		{4ABA22A9-4D98-3A8E-B9C9-A68EC2FDF504}.Development|Any CPU.Build.0 = Development|Any CPU
		{4ABA22A9-4D98-3A8E-B9C9-A68EC2FDF504}.Release|Any CPU.ActiveCfg = Release|Any CPU
		{4ABA22A9-4D98-3A8E-B9C9-A68EC2FDF504}.Release|Any CPU.Build.0 = Release|Any CPU
		{7B43F937-3C19-3E7C-BCED-632A8AD8AB22}.Analyze|Any CPU.ActiveCfg = Analyze|Any CPU
		{7B43F937-3C19-3E7C-BCED-632A8AD8AB22}.Analyze|Any CPU.Build.0 = Analyze|Any CPU
		{7B43F937-3C19-3E7C-BCED-632A8AD8AB22}.Debug|Any CPU.ActiveCfg = Debug|Any CPU
		{7B43F937-3C19-3E7C-BCED-632A8AD8AB22}.Debug|Any CPU.Build.0 = Debug|Any CPU
		{7B43F937-3C19-3E7C-BCED-632A8AD8AB22}.Development|Any CPU.ActiveCfg = Development|Any CPU
		{7B43F937-3C19-3E7C-BCED-632A8AD8AB22}.Development|Any CPU.Build.0 = Development|Any CPU
		{7B43F937-3C19-3E7C-BCED-632A8AD8AB22}.Release|Any CPU.ActiveCfg = Release|Any CPU
		{7B43F937-3C19-3E7C-BCED-632A8AD8AB22}.Release|Any CPU.Build.0 = Release|Any CPU
		{79BFC420-FD7C-3AC1-B54E-661ED32C11FC}.Analyze|Any CPU.ActiveCfg = Analyze|Any CPU
		{79BFC420-FD7C-3AC1-B54E-661ED32C11FC}.Analyze|Any CPU.Build.0 = Analyze|Any CPU
		{79BFC420-FD7C-3AC1-B54E-661ED32C11FC}.Debug|Any CPU.ActiveCfg = Debug|Any CPU
		{79BFC420-FD7C-3AC1-B54E-661ED32C11FC}.Debug|Any CPU.Build.0 = Debug|Any CPU
		{79BFC420-FD7C-3AC1-B54E-661ED32C11FC}.Development|Any CPU.ActiveCfg = Development|Any CPU
		{79BFC420-FD7C-3AC1-B54E-661ED32C11FC}.Development|Any CPU.Build.0 = Development|Any CPU
		{79BFC420-FD7C-3AC1-B54E-661ED32C11FC}.Release|Any CPU.ActiveCfg = Release|Any CPU
		{79BFC420-FD7C-3AC1-B54E-661ED32C11FC}.Release|Any CPU.Build.0 = Release|Any CPU
		{021962BB-6211-30D9-8261-D3F3EBF43DB9}.Analyze|Any CPU.ActiveCfg = Analyze|Any CPU
		{021962BB-6211-30D9-8261-D3F3EBF43DB9}.Analyze|Any CPU.Build.0 = Analyze|Any CPU
		{021962BB-6211-30D9-8261-D3F3EBF43DB9}.Debug|Any CPU.ActiveCfg = Debug|Any CPU
		{021962BB-6211-30D9-8261-D3F3EBF43DB9}.Debug|Any CPU.Build.0 = Debug|Any CPU
		{021962BB-6211-30D9-8261-D3F3EBF43DB9}.Development|Any CPU.ActiveCfg = Development|Any CPU
		{021962BB-6211-30D9-8261-D3F3EBF43DB9}.Development|Any CPU.Build.0 = Development|Any CPU
		{021962BB-6211-30D9-8261-D3F3EBF43DB9}.Release|Any CPU.ActiveCfg = Release|Any CPU
		{021962BB-6211-30D9-8261-D3F3EBF43DB9}.Release|Any CPU.Build.0 = Release|Any CPU
		{3DAAC6E8-51D1-3670-891E-915B55840530}.Analyze|Any CPU.ActiveCfg = Analyze|Any CPU
		{3DAAC6E8-51D1-3670-891E-915B55840530}.Analyze|Any CPU.Build.0 = Analyze|Any CPU
		{3DAAC6E8-51D1-3670-891E-915B55840530}.Debug|Any CPU.ActiveCfg = Debug|Any CPU
		{3DAAC6E8-51D1-3670-891E-915B55840530}.Debug|Any CPU.Build.0 = Debug|Any CPU
		{3DAAC6E8-51D1-3670-891E-915B55840530}.Development|Any CPU.ActiveCfg = Development|Any CPU
		{3DAAC6E8-51D1-3670-891E-915B55840530}.Development|Any CPU.Build.0 = Development|Any CPU
		{3DAAC6E8-51D1-3670-891E-915B55840530}.Release|Any CPU.ActiveCfg = Release|Any CPU
		{3DAAC6E8-51D1-3670-891E-915B55840530}.Release|Any CPU.Build.0 = Release|Any CPU
		{2814E86A-8C20-3447-ACFE-F46B810EC7E9}.Analyze|Any CPU.ActiveCfg = Analyze|Any CPU
		{2814E86A-8C20-3447-ACFE-F46B810EC7E9}.Analyze|Any CPU.Build.0 = Analyze|Any CPU
		{2814E86A-8C20-3447-ACFE-F46B810EC7E9}.Debug|Any CPU.ActiveCfg = Debug|Any CPU
		{2814E86A-8C20-3447-ACFE-F46B810EC7E9}.Debug|Any CPU.Build.0 = Debug|Any CPU
		{2814E86A-8C20-3447-ACFE-F46B810EC7E9}.Development|Any CPU.ActiveCfg = Development|Any CPU
		{2814E86A-8C20-3447-ACFE-F46B810EC7E9}.Development|Any CPU.Build.0 = Development|Any CPU
		{2814E86A-8C20-3447-ACFE-F46B810EC7E9}.Release|Any CPU.ActiveCfg = Release|Any CPU
		{2814E86A-8C20-3447-ACFE-F46B810EC7E9}.Release|Any CPU.Build.0 = Release|Any CPU
		{2C15665A-9F71-30F0-900A-E11B09455DF9}.Analyze|Any CPU.ActiveCfg = Analyze|Any CPU
		{2C15665A-9F71-30F0-900A-E11B09455DF9}.Analyze|Any CPU.Build.0 = Analyze|Any CPU
		{2C15665A-9F71-30F0-900A-E11B09455DF9}.Debug|Any CPU.ActiveCfg = Debug|Any CPU
		{2C15665A-9F71-30F0-900A-E11B09455DF9}.Debug|Any CPU.Build.0 = Debug|Any CPU
		{2C15665A-9F71-30F0-900A-E11B09455DF9}.Development|Any CPU.ActiveCfg = Development|Any CPU
		{2C15665A-9F71-30F0-900A-E11B09455DF9}.Development|Any CPU.Build.0 = Development|Any CPU
		{2C15665A-9F71-30F0-900A-E11B09455DF9}.Release|Any CPU.ActiveCfg = Release|Any CPU
		{2C15665A-9F71-30F0-900A-E11B09455DF9}.Release|Any CPU.Build.0 = Release|Any CPU
		{85C810FA-50EA-3247-9745-30D2476088F1}.Analyze|Any CPU.ActiveCfg = Analyze|Any CPU
		{85C810FA-50EA-3247-9745-30D2476088F1}.Analyze|Any CPU.Build.0 = Analyze|Any CPU
		{85C810FA-50EA-3247-9745-30D2476088F1}.Debug|Any CPU.ActiveCfg = Debug|Any CPU
		{85C810FA-50EA-3247-9745-30D2476088F1}.Debug|Any CPU.Build.0 = Debug|Any CPU
		{85C810FA-50EA-3247-9745-30D2476088F1}.Development|Any CPU.ActiveCfg = Development|Any CPU
		{85C810FA-50EA-3247-9745-30D2476088F1}.Development|Any CPU.Build.0 = Development|Any CPU
		{85C810FA-50EA-3247-9745-30D2476088F1}.Release|Any CPU.ActiveCfg = Release|Any CPU
		{85C810FA-50EA-3247-9745-30D2476088F1}.Release|Any CPU.Build.0 = Release|Any CPU
		{D6326028-6DAD-3187-AD31-B0A27514C5F7}.Analyze|Any CPU.ActiveCfg = Analyze|Any CPU
		{D6326028-6DAD-3187-AD31-B0A27514C5F7}.Analyze|Any CPU.Build.0 = Analyze|Any CPU
		{D6326028-6DAD-3187-AD31-B0A27514C5F7}.Debug|Any CPU.ActiveCfg = Debug|Any CPU
		{D6326028-6DAD-3187-AD31-B0A27514C5F7}.Debug|Any CPU.Build.0 = Debug|Any CPU
		{D6326028-6DAD-3187-AD31-B0A27514C5F7}.Development|Any CPU.ActiveCfg = Development|Any CPU
		{D6326028-6DAD-3187-AD31-B0A27514C5F7}.Development|Any CPU.Build.0 = Development|Any CPU
		{D6326028-6DAD-3187-AD31-B0A27514C5F7}.Release|Any CPU.ActiveCfg = Release|Any CPU
		{D6326028-6DAD-3187-AD31-B0A27514C5F7}.Release|Any CPU.Build.0 = Release|Any CPU
		{9D1EE046-2D00-33A0-9F99-9B30B39882CF}.Analyze|Any CPU.ActiveCfg = Analyze|Any CPU
		{9D1EE046-2D00-33A0-9F99-9B30B39882CF}.Analyze|Any CPU.Build.0 = Analyze|Any CPU
		{9D1EE046-2D00-33A0-9F99-9B30B39882CF}.Debug|Any CPU.ActiveCfg = Debug|Any CPU
		{9D1EE046-2D00-33A0-9F99-9B30B39882CF}.Debug|Any CPU.Build.0 = Debug|Any CPU
		{9D1EE046-2D00-33A0-9F99-9B30B39882CF}.Development|Any CPU.ActiveCfg = Development|Any CPU
		{9D1EE046-2D00-33A0-9F99-9B30B39882CF}.Development|Any CPU.Build.0 = Development|Any CPU
		{9D1EE046-2D00-33A0-9F99-9B30B39882CF}.Release|Any CPU.ActiveCfg = Release|Any CPU
		{9D1EE046-2D00-33A0-9F99-9B30B39882CF}.Release|Any CPU.Build.0 = Release|Any CPU
		{87D32F66-7507-3216-801E-D3C414858630}.Analyze|Any CPU.ActiveCfg = Analyze|Any CPU
		{87D32F66-7507-3216-801E-D3C414858630}.Analyze|Any CPU.Build.0 = Analyze|Any CPU
		{87D32F66-7507-3216-801E-D3C414858630}.Debug|Any CPU.ActiveCfg = Debug|Any CPU
		{87D32F66-7507-3216-801E-D3C414858630}.Debug|Any CPU.Build.0 = Debug|Any CPU
		{87D32F66-7507-3216-801E-D3C414858630}.Development|Any CPU.ActiveCfg = Development|Any CPU
		{87D32F66-7507-3216-801E-D3C414858630}.Development|Any CPU.Build.0 = Development|Any CPU
		{87D32F66-7507-3216-801E-D3C414858630}.Release|Any CPU.ActiveCfg = Release|Any CPU
		{87D32F66-7507-3216-801E-D3C414858630}.Release|Any CPU.Build.0 = Release|Any CPU
		{19AA8FA8-E6B1-3A08-B949-708557E90E11}.Analyze|Any CPU.ActiveCfg = Analyze|Any CPU
		{19AA8FA8-E6B1-3A08-B949-708557E90E11}.Analyze|Any CPU.Build.0 = Analyze|Any CPU
		{19AA8FA8-E6B1-3A08-B949-708557E90E11}.Debug|Any CPU.ActiveCfg = Debug|Any CPU
		{19AA8FA8-E6B1-3A08-B949-708557E90E11}.Debug|Any CPU.Build.0 = Debug|Any CPU
		{19AA8FA8-E6B1-3A08-B949-708557E90E11}.Development|Any CPU.ActiveCfg = Development|Any CPU
		{19AA8FA8-E6B1-3A08-B949-708557E90E11}.Development|Any CPU.Build.0 = Development|Any CPU
		{19AA8FA8-E6B1-3A08-B949-708557E90E11}.Release|Any CPU.ActiveCfg = Release|Any CPU
		{19AA8FA8-E6B1-3A08-B949-708557E90E11}.Release|Any CPU.Build.0 = Release|Any CPU
		{A5816C1D-4218-39D2-B25A-EA44612F182A}.Analyze|Any CPU.ActiveCfg = Analyze|Any CPU
		{A5816C1D-4218-39D2-B25A-EA44612F182A}.Analyze|Any CPU.Build.0 = Analyze|Any CPU
		{A5816C1D-4218-39D2-B25A-EA44612F182A}.Debug|Any CPU.ActiveCfg = Debug|Any CPU
		{A5816C1D-4218-39D2-B25A-EA44612F182A}.Debug|Any CPU.Build.0 = Debug|Any CPU
		{A5816C1D-4218-39D2-B25A-EA44612F182A}.Development|Any CPU.ActiveCfg = Development|Any CPU
		{A5816C1D-4218-39D2-B25A-EA44612F182A}.Development|Any CPU.Build.0 = Development|Any CPU
		{A5816C1D-4218-39D2-B25A-EA44612F182A}.Release|Any CPU.ActiveCfg = Release|Any CPU
		{A5816C1D-4218-39D2-B25A-EA44612F182A}.Release|Any CPU.Build.0 = Release|Any CPU
		{B020D6CA-D96D-37ED-BF84-46F330823754}.Analyze|Any CPU.ActiveCfg = Analyze|Any CPU
		{B020D6CA-D96D-37ED-BF84-46F330823754}.Analyze|Any CPU.Build.0 = Analyze|Any CPU
		{B020D6CA-D96D-37ED-BF84-46F330823754}.Debug|Any CPU.ActiveCfg = Debug|Any CPU
		{B020D6CA-D96D-37ED-BF84-46F330823754}.Debug|Any CPU.Build.0 = Debug|Any CPU
		{B020D6CA-D96D-37ED-BF84-46F330823754}.Development|Any CPU.ActiveCfg = Development|Any CPU
		{B020D6CA-D96D-37ED-BF84-46F330823754}.Development|Any CPU.Build.0 = Development|Any CPU
		{B020D6CA-D96D-37ED-BF84-46F330823754}.Release|Any CPU.ActiveCfg = Release|Any CPU
		{B020D6CA-D96D-37ED-BF84-46F330823754}.Release|Any CPU.Build.0 = Release|Any CPU
		{02187264-4021-3431-B630-9466508821E2}.Analyze|Any CPU.ActiveCfg = Analyze|Any CPU
		{02187264-4021-3431-B630-9466508821E2}.Analyze|Any CPU.Build.0 = Analyze|Any CPU
		{02187264-4021-3431-B630-9466508821E2}.Debug|Any CPU.ActiveCfg = Debug|Any CPU
		{02187264-4021-3431-B630-9466508821E2}.Debug|Any CPU.Build.0 = Debug|Any CPU
		{02187264-4021-3431-B630-9466508821E2}.Development|Any CPU.ActiveCfg = Development|Any CPU
		{02187264-4021-3431-B630-9466508821E2}.Development|Any CPU.Build.0 = Development|Any CPU
		{02187264-4021-3431-B630-9466508821E2}.Release|Any CPU.ActiveCfg = Release|Any CPU
		{02187264-4021-3431-B630-9466508821E2}.Release|Any CPU.Build.0 = Release|Any CPU
		{6390116A-7C75-3481-B2AA-BFAF6CF722F8}.Analyze|Any CPU.ActiveCfg = Analyze|Any CPU
		{6390116A-7C75-3481-B2AA-BFAF6CF722F8}.Analyze|Any CPU.Build.0 = Analyze|Any CPU
		{6390116A-7C75-3481-B2AA-BFAF6CF722F8}.Debug|Any CPU.ActiveCfg = Debug|Any CPU
		{6390116A-7C75-3481-B2AA-BFAF6CF722F8}.Debug|Any CPU.Build.0 = Debug|Any CPU
		{6390116A-7C75-3481-B2AA-BFAF6CF722F8}.Development|Any CPU.ActiveCfg = Development|Any CPU
		{6390116A-7C75-3481-B2AA-BFAF6CF722F8}.Development|Any CPU.Build.0 = Development|Any CPU
		{6390116A-7C75-3481-B2AA-BFAF6CF722F8}.Release|Any CPU.ActiveCfg = Release|Any CPU
		{6390116A-7C75-3481-B2AA-BFAF6CF722F8}.Release|Any CPU.Build.0 = Release|Any CPU
		{E342EADD-34EC-3049-A205-71B4C39F73C7}.Analyze|Any CPU.ActiveCfg = Analyze|Any CPU
		{E342EADD-34EC-3049-A205-71B4C39F73C7}.Analyze|Any CPU.Build.0 = Analyze|Any CPU
		{E342EADD-34EC-3049-A205-71B4C39F73C7}.Debug|Any CPU.ActiveCfg = Debug|Any CPU
		{E342EADD-34EC-3049-A205-71B4C39F73C7}.Debug|Any CPU.Build.0 = Debug|Any CPU
		{E342EADD-34EC-3049-A205-71B4C39F73C7}.Development|Any CPU.ActiveCfg = Development|Any CPU
		{E342EADD-34EC-3049-A205-71B4C39F73C7}.Development|Any CPU.Build.0 = Development|Any CPU
		{E342EADD-34EC-3049-A205-71B4C39F73C7}.Release|Any CPU.ActiveCfg = Release|Any CPU
		{E342EADD-34EC-3049-A205-71B4C39F73C7}.Release|Any CPU.Build.0 = Release|Any CPU
		{E44E86DD-5B45-3B93-BAC0-840C58AC1325}.Analyze|Any CPU.ActiveCfg = Analyze|Any CPU
		{E44E86DD-5B45-3B93-BAC0-840C58AC1325}.Analyze|Any CPU.Build.0 = Analyze|Any CPU
		{E44E86DD-5B45-3B93-BAC0-840C58AC1325}.Debug|Any CPU.ActiveCfg = Debug|Any CPU
		{E44E86DD-5B45-3B93-BAC0-840C58AC1325}.Debug|Any CPU.Build.0 = Debug|Any CPU
		{E44E86DD-5B45-3B93-BAC0-840C58AC1325}.Development|Any CPU.ActiveCfg = Development|Any CPU
		{E44E86DD-5B45-3B93-BAC0-840C58AC1325}.Development|Any CPU.Build.0 = Development|Any CPU
		{E44E86DD-5B45-3B93-BAC0-840C58AC1325}.Release|Any CPU.ActiveCfg = Release|Any CPU
		{E44E86DD-5B45-3B93-BAC0-840C58AC1325}.Release|Any CPU.Build.0 = Release|Any CPU
		{3F716A83-E417-3904-90E8-6FCC4AB35BAF}.Analyze|Any CPU.ActiveCfg = Analyze|Any CPU
		{3F716A83-E417-3904-90E8-6FCC4AB35BAF}.Analyze|Any CPU.Build.0 = Analyze|Any CPU
		{3F716A83-E417-3904-90E8-6FCC4AB35BAF}.Debug|Any CPU.ActiveCfg = Debug|Any CPU
		{3F716A83-E417-3904-90E8-6FCC4AB35BAF}.Debug|Any CPU.Build.0 = Debug|Any CPU
		{3F716A83-E417-3904-90E8-6FCC4AB35BAF}.Development|Any CPU.ActiveCfg = Development|Any CPU
		{3F716A83-E417-3904-90E8-6FCC4AB35BAF}.Development|Any CPU.Build.0 = Development|Any CPU
		{3F716A83-E417-3904-90E8-6FCC4AB35BAF}.Release|Any CPU.ActiveCfg = Release|Any CPU
		{3F716A83-E417-3904-90E8-6FCC4AB35BAF}.Release|Any CPU.Build.0 = Release|Any CPU
		{343F369C-E9D6-3C05-B6F1-3167F2D4CD65}.Analyze|Any CPU.ActiveCfg = Analyze|Any CPU
		{343F369C-E9D6-3C05-B6F1-3167F2D4CD65}.Analyze|Any CPU.Build.0 = Analyze|Any CPU
		{343F369C-E9D6-3C05-B6F1-3167F2D4CD65}.Debug|Any CPU.ActiveCfg = Debug|Any CPU
		{343F369C-E9D6-3C05-B6F1-3167F2D4CD65}.Debug|Any CPU.Build.0 = Debug|Any CPU
		{343F369C-E9D6-3C05-B6F1-3167F2D4CD65}.Development|Any CPU.ActiveCfg = Development|Any CPU
		{343F369C-E9D6-3C05-B6F1-3167F2D4CD65}.Development|Any CPU.Build.0 = Development|Any CPU
		{343F369C-E9D6-3C05-B6F1-3167F2D4CD65}.Release|Any CPU.ActiveCfg = Release|Any CPU
		{343F369C-E9D6-3C05-B6F1-3167F2D4CD65}.Release|Any CPU.Build.0 = Release|Any CPU
		{0C10C806-A900-312D-94B9-7E500CD0F2E4}.Analyze|Any CPU.ActiveCfg = Analyze|Any CPU
		{0C10C806-A900-312D-94B9-7E500CD0F2E4}.Analyze|Any CPU.Build.0 = Analyze|Any CPU
		{0C10C806-A900-312D-94B9-7E500CD0F2E4}.Debug|Any CPU.ActiveCfg = Debug|Any CPU
		{0C10C806-A900-312D-94B9-7E500CD0F2E4}.Debug|Any CPU.Build.0 = Debug|Any CPU
		{0C10C806-A900-312D-94B9-7E500CD0F2E4}.Development|Any CPU.ActiveCfg = Development|Any CPU
		{0C10C806-A900-312D-94B9-7E500CD0F2E4}.Development|Any CPU.Build.0 = Development|Any CPU
		{0C10C806-A900-312D-94B9-7E500CD0F2E4}.Release|Any CPU.ActiveCfg = Release|Any CPU
		{0C10C806-A900-312D-94B9-7E500CD0F2E4}.Release|Any CPU.Build.0 = Release|Any CPU
		{3ED02165-685D-3B7E-875C-E496E628399C}.Analyze|Any CPU.ActiveCfg = Analyze|Any CPU
		{3ED02165-685D-3B7E-875C-E496E628399C}.Analyze|Any CPU.Build.0 = Analyze|Any CPU
		{3ED02165-685D-3B7E-875C-E496E628399C}.Debug|Any CPU.ActiveCfg = Debug|Any CPU
		{3ED02165-685D-3B7E-875C-E496E628399C}.Debug|Any CPU.Build.0 = Debug|Any CPU
		{3ED02165-685D-3B7E-875C-E496E628399C}.Development|Any CPU.ActiveCfg = Development|Any CPU
		{3ED02165-685D-3B7E-875C-E496E628399C}.Development|Any CPU.Build.0 = Development|Any CPU
		{3ED02165-685D-3B7E-875C-E496E628399C}.Release|Any CPU.ActiveCfg = Release|Any CPU
		{3ED02165-685D-3B7E-875C-E496E628399C}.Release|Any CPU.Build.0 = Release|Any CPU
	EndGlobalSection
	GlobalSection(SolutionProperties) = preSolution
		HideSolutionNode = FALSE
	EndGlobalSection
	GlobalSection(NestedProjects) = preSolution
		{4EA697CF-B907-3F64-8763-04707DD540E1} = {58A72724-8CB8-3260-8ADB-0161BCAC3D64}
		{56508A58-55B8-3F82-B41F-6AA0AE785DA4} = {58A72724-8CB8-3260-8ADB-0161BCAC3D64}
		{FDFBCCF7-6EC7-3B8E-B53F-A9789717FA10} = {58A72724-8CB8-3260-8ADB-0161BCAC3D64}
		{469D4483-6E67-3C37-A3E7-1A1316ADFE33} = {58A72724-8CB8-3260-8ADB-0161BCAC3D64}
		{0932DA74-D637-39C6-8842-AB94C6E07DAA} = {58A72724-8CB8-3260-8ADB-0161BCAC3D64}
		{4ABA22A9-4D98-3A8E-B9C9-A68EC2FDF504} = {58A72724-8CB8-3260-8ADB-0161BCAC3D64}
		{7B43F937-3C19-3E7C-BCED-632A8AD8AB22} = {58A72724-8CB8-3260-8ADB-0161BCAC3D64}
		{79BFC420-FD7C-3AC1-B54E-661ED32C11FC} = {58A72724-8CB8-3260-8ADB-0161BCAC3D64}
		{021962BB-6211-30D9-8261-D3F3EBF43DB9} = {58A72724-8CB8-3260-8ADB-0161BCAC3D64}
		{3DAAC6E8-51D1-3670-891E-915B55840530} = {58A72724-8CB8-3260-8ADB-0161BCAC3D64}
		{2814E86A-8C20-3447-ACFE-F46B810EC7E9} = {58A72724-8CB8-3260-8ADB-0161BCAC3D64}
		{2C15665A-9F71-30F0-900A-E11B09455DF9} = {58A72724-8CB8-3260-8ADB-0161BCAC3D64}
		{85C810FA-50EA-3247-9745-30D2476088F1} = {58A72724-8CB8-3260-8ADB-0161BCAC3D64}
		{D6326028-6DAD-3187-AD31-B0A27514C5F7} = {58A72724-8CB8-3260-8ADB-0161BCAC3D64}
		{9D1EE046-2D00-33A0-9F99-9B30B39882CF} = {58A72724-8CB8-3260-8ADB-0161BCAC3D64}
		{87D32F66-7507-3216-801E-D3C414858630} = {58A72724-8CB8-3260-8ADB-0161BCAC3D64}
		{19AA8FA8-E6B1-3A08-B949-708557E90E11} = {58A72724-8CB8-3260-8ADB-0161BCAC3D64}
		{A5816C1D-4218-39D2-B25A-EA44612F182A} = {58A72724-8CB8-3260-8ADB-0161BCAC3D64}
		{B020D6CA-D96D-37ED-BF84-46F330823754} = {63F96FAF-71A6-3DD6-AF0D-64B1504528FF}
		{02187264-4021-3431-B630-9466508821E2} = {63F96FAF-71A6-3DD6-AF0D-64B1504528FF}
		{6390116A-7C75-3481-B2AA-BFAF6CF722F8} = {63F96FAF-71A6-3DD6-AF0D-64B1504528FF}
		{E342EADD-34EC-3049-A205-71B4C39F73C7} = {63F96FAF-71A6-3DD6-AF0D-64B1504528FF}
		{E44E86DD-5B45-3B93-BAC0-840C58AC1325} = {63F96FAF-71A6-3DD6-AF0D-64B1504528FF}
		{3F716A83-E417-3904-90E8-6FCC4AB35BAF} = {63F96FAF-71A6-3DD6-AF0D-64B1504528FF}
		{343F369C-E9D6-3C05-B6F1-3167F2D4CD65} = {63F96FAF-71A6-3DD6-AF0D-64B1504528FF}
		{0C10C806-A900-312D-94B9-7E500CD0F2E4} = {63F96FAF-71A6-3DD6-AF0D-64B1504528FF}
		{3ED02165-685D-3B7E-875C-E496E628399C} = {63F96FAF-71A6-3DD6-AF0D-64B1504528FF}
	EndGlobalSection
EndGlobal
